
Microsoft Visual Studio Solution File, Format Version 12.00
# Visual Studio 15
VisualStudioVersion = 15.0.26124.0
MinimumVisualStudioVersion = 15.0.26124.0
Project("{9A19103F-16F7-4668-BE54-9A1E7A4F7556}") = "R5T.Macommania.Standard.Construction", "R5T.Macommania.Standard.Construction\R5T.Macommania.Standard.Construction.csproj", "{94551737-3712-4328-9698-BD7869A6BF1B}"
EndProject
Project("{9A19103F-16F7-4668-BE54-9A1E7A4F7556}") = "R5T.Macommania.Standard", "R5T.Macommania.Standard\R5T.Macommania.Standard.csproj", "{E6B14F69-39E4-4A5F-9854-7ABA791CCC37}"
EndProject
Project("{9A19103F-16F7-4668-BE54-9A1E7A4F7556}") = "R5T.Macommania.Standard.Testing", "R5T.Macommania.Standard.Testing\R5T.Macommania.Standard.Testing.csproj", "{D1E9B28B-9167-4C90-80F7-3570C327E776}"
EndProject
Project("{2150E333-8FDC-42A3-9474-1A3956D46DE8}") = "_Dependencies", "_Dependencies", "{F678A9E2-E26E-47DB-A1F4-4D23E84108BC}"
EndProject
Project("{9A19103F-16F7-4668-BE54-9A1E7A4F7556}") = "R5T.Macommania.Default", "..\..\R5T.Macommania.Default\source\R5T.Macommania.Default\R5T.Macommania.Default.csproj", "{AEA49E4F-23A5-45B6-A8DC-6E66E15F4741}"
EndProject
Project("{9A19103F-16F7-4668-BE54-9A1E7A4F7556}") = "R5T.Dacia.Extensions", "..\..\R5T.Dacia.Extensions\source\R5T.Dacia.Extensions\R5T.Dacia.Extensions.csproj", "{F26D204F-540D-4CB1-BFE0-4166F97792D8}"
EndProject
Project("{9A19103F-16F7-4668-BE54-9A1E7A4F7556}") = "R5T.Dacia", "..\..\R5T.Dacia\source\R5T.Dacia\R5T.Dacia.csproj", "{DD67D60F-A94E-44D2-B14B-40D7C698C659}"
EndProject
Project("{9A19103F-16F7-4668-BE54-9A1E7A4F7556}") = "R5T.Lombardy.Base", "..\..\R5T.Lombardy.Base\source\R5T.Lombardy.Base\R5T.Lombardy.Base.csproj", "{4E269CC5-FE2D-4190-9999-61CA188CEAD0}"
EndProject
Project("{9A19103F-16F7-4668-BE54-9A1E7A4F7556}") = "R5T.Macommania.Base", "..\..\R5T.Macommania.Base\source\R5T.Macommania.Base\R5T.Macommania.Base.csproj", "{F2AC440A-41F6-4FA4-B829-642165D2DD7E}"
EndProject
Project("{9A19103F-16F7-4668-BE54-9A1E7A4F7556}") = "R5T.Lombardy.Standard", "..\..\R5T.Lombardy.Standard\source\R5T.Lombardy.Standard\R5T.Lombardy.Standard.csproj", "{9958E8BA-17F7-4424-AB43-E3B6E5603825}"
EndProject
Project("{9A19103F-16F7-4668-BE54-9A1E7A4F7556}") = "R5T.Lombardy", "..\..\R5T.Lombardy\source\R5T.Lombardy\R5T.Lombardy.csproj", "{F32104D9-7389-4002-8C4F-2AA1882EBC81}"
EndProject
Project("{9A19103F-16F7-4668-BE54-9A1E7A4F7556}") = "R5T.Cherusci", "..\..\R5T.Cherusci\source\R5T.Cherusci\R5T.Cherusci.csproj", "{AD28AC2B-090F-4E69-93AF-8C5B2142DBF0}"
EndProject
Project("{9A19103F-16F7-4668-BE54-9A1E7A4F7556}") = "R5T.Magyar", "..\..\R5T.Magyar\source\R5T.Magyar\R5T.Magyar.csproj", "{9415DEC3-B159-459A-8CDD-A656C04ABB0E}"
EndProject
Project("{9A19103F-16F7-4668-BE54-9A1E7A4F7556}") = "R5T.Rugia", "..\..\R5T.Rugia\source\R5T.Rugia\R5T.Rugia.csproj", "{143B1BA6-1E46-4144-A006-1511CD5D2D9A}"
EndProject
Project("{9A19103F-16F7-4668-BE54-9A1E7A4F7556}") = "R5T.Rugia.Base", "..\..\R5T.Rugia.Base\source\R5T.Rugia.Base\R5T.Rugia.Base.csproj", "{36D307B4-9919-4A2C-B465-8D4777E9890F}"
EndProject
Global
	GlobalSection(SolutionConfigurationPlatforms) = preSolution
		Debug|Any CPU = Debug|Any CPU
		Debug|x64 = Debug|x64
		Debug|x86 = Debug|x86
		Release|Any CPU = Release|Any CPU
		Release|x64 = Release|x64
		Release|x86 = Release|x86
	EndGlobalSection
	GlobalSection(ProjectConfigurationPlatforms) = postSolution
		{94551737-3712-4328-9698-BD7869A6BF1B}.Debug|Any CPU.ActiveCfg = Debug|Any CPU
		{94551737-3712-4328-9698-BD7869A6BF1B}.Debug|Any CPU.Build.0 = Debug|Any CPU
		{94551737-3712-4328-9698-BD7869A6BF1B}.Debug|x64.ActiveCfg = Debug|Any CPU
		{94551737-3712-4328-9698-BD7869A6BF1B}.Debug|x64.Build.0 = Debug|Any CPU
		{94551737-3712-4328-9698-BD7869A6BF1B}.Debug|x86.ActiveCfg = Debug|Any CPU
		{94551737-3712-4328-9698-BD7869A6BF1B}.Debug|x86.Build.0 = Debug|Any CPU
		{94551737-3712-4328-9698-BD7869A6BF1B}.Release|Any CPU.ActiveCfg = Release|Any CPU
		{94551737-3712-4328-9698-BD7869A6BF1B}.Release|Any CPU.Build.0 = Release|Any CPU
		{94551737-3712-4328-9698-BD7869A6BF1B}.Release|x64.ActiveCfg = Release|Any CPU
		{94551737-3712-4328-9698-BD7869A6BF1B}.Release|x64.Build.0 = Release|Any CPU
		{94551737-3712-4328-9698-BD7869A6BF1B}.Release|x86.ActiveCfg = Release|Any CPU
		{94551737-3712-4328-9698-BD7869A6BF1B}.Release|x86.Build.0 = Release|Any CPU
		{E6B14F69-39E4-4A5F-9854-7ABA791CCC37}.Debug|Any CPU.ActiveCfg = Debug|Any CPU
		{E6B14F69-39E4-4A5F-9854-7ABA791CCC37}.Debug|Any CPU.Build.0 = Debug|Any CPU
		{E6B14F69-39E4-4A5F-9854-7ABA791CCC37}.Debug|x64.ActiveCfg = Debug|Any CPU
		{E6B14F69-39E4-4A5F-9854-7ABA791CCC37}.Debug|x64.Build.0 = Debug|Any CPU
		{E6B14F69-39E4-4A5F-9854-7ABA791CCC37}.Debug|x86.ActiveCfg = Debug|Any CPU
		{E6B14F69-39E4-4A5F-9854-7ABA791CCC37}.Debug|x86.Build.0 = Debug|Any CPU
		{E6B14F69-39E4-4A5F-9854-7ABA791CCC37}.Release|Any CPU.ActiveCfg = Release|Any CPU
		{E6B14F69-39E4-4A5F-9854-7ABA791CCC37}.Release|Any CPU.Build.0 = Release|Any CPU
		{E6B14F69-39E4-4A5F-9854-7ABA791CCC37}.Release|x64.ActiveCfg = Release|Any CPU
		{E6B14F69-39E4-4A5F-9854-7ABA791CCC37}.Release|x64.Build.0 = Release|Any CPU
		{E6B14F69-39E4-4A5F-9854-7ABA791CCC37}.Release|x86.ActiveCfg = Release|Any CPU
		{E6B14F69-39E4-4A5F-9854-7ABA791CCC37}.Release|x86.Build.0 = Release|Any CPU
		{D1E9B28B-9167-4C90-80F7-3570C327E776}.Debug|Any CPU.ActiveCfg = Debug|Any CPU
		{D1E9B28B-9167-4C90-80F7-3570C327E776}.Debug|Any CPU.Build.0 = Debug|Any CPU
		{D1E9B28B-9167-4C90-80F7-3570C327E776}.Debug|x64.ActiveCfg = Debug|Any CPU
		{D1E9B28B-9167-4C90-80F7-3570C327E776}.Debug|x64.Build.0 = Debug|Any CPU
		{D1E9B28B-9167-4C90-80F7-3570C327E776}.Debug|x86.ActiveCfg = Debug|Any CPU
		{D1E9B28B-9167-4C90-80F7-3570C327E776}.Debug|x86.Build.0 = Debug|Any CPU
		{D1E9B28B-9167-4C90-80F7-3570C327E776}.Release|Any CPU.ActiveCfg = Release|Any CPU
		{D1E9B28B-9167-4C90-80F7-3570C327E776}.Release|Any CPU.Build.0 = Release|Any CPU
		{D1E9B28B-9167-4C90-80F7-3570C327E776}.Release|x64.ActiveCfg = Release|Any CPU
		{D1E9B28B-9167-4C90-80F7-3570C327E776}.Release|x64.Build.0 = Release|Any CPU
		{D1E9B28B-9167-4C90-80F7-3570C327E776}.Release|x86.ActiveCfg = Release|Any CPU
		{D1E9B28B-9167-4C90-80F7-3570C327E776}.Release|x86.Build.0 = Release|Any CPU
		{AEA49E4F-23A5-45B6-A8DC-6E66E15F4741}.Debug|Any CPU.ActiveCfg = Debug|Any CPU
		{AEA49E4F-23A5-45B6-A8DC-6E66E15F4741}.Debug|Any CPU.Build.0 = Debug|Any CPU
		{AEA49E4F-23A5-45B6-A8DC-6E66E15F4741}.Debug|x64.ActiveCfg = Debug|Any CPU
		{AEA49E4F-23A5-45B6-A8DC-6E66E15F4741}.Debug|x64.Build.0 = Debug|Any CPU
		{AEA49E4F-23A5-45B6-A8DC-6E66E15F4741}.Debug|x86.ActiveCfg = Debug|Any CPU
		{AEA49E4F-23A5-45B6-A8DC-6E66E15F4741}.Debug|x86.Build.0 = Debug|Any CPU
		{AEA49E4F-23A5-45B6-A8DC-6E66E15F4741}.Release|Any CPU.ActiveCfg = Release|Any CPU
		{AEA49E4F-23A5-45B6-A8DC-6E66E15F4741}.Release|Any CPU.Build.0 = Release|Any CPU
		{AEA49E4F-23A5-45B6-A8DC-6E66E15F4741}.Release|x64.ActiveCfg = Release|Any CPU
		{AEA49E4F-23A5-45B6-A8DC-6E66E15F4741}.Release|x64.Build.0 = Release|Any CPU
		{AEA49E4F-23A5-45B6-A8DC-6E66E15F4741}.Release|x86.ActiveCfg = Release|Any CPU
		{AEA49E4F-23A5-45B6-A8DC-6E66E15F4741}.Release|x86.Build.0 = Release|Any CPU
		{F26D204F-540D-4CB1-BFE0-4166F97792D8}.Debug|Any CPU.ActiveCfg = Debug|Any CPU
		{F26D204F-540D-4CB1-BFE0-4166F97792D8}.Debug|Any CPU.Build.0 = Debug|Any CPU
		{F26D204F-540D-4CB1-BFE0-4166F97792D8}.Debug|x64.ActiveCfg = Debug|Any CPU
		{F26D204F-540D-4CB1-BFE0-4166F97792D8}.Debug|x64.Build.0 = Debug|Any CPU
		{F26D204F-540D-4CB1-BFE0-4166F97792D8}.Debug|x86.ActiveCfg = Debug|Any CPU
		{F26D204F-540D-4CB1-BFE0-4166F97792D8}.Debug|x86.Build.0 = Debug|Any CPU
		{F26D204F-540D-4CB1-BFE0-4166F97792D8}.Release|Any CPU.ActiveCfg = Release|Any CPU
		{F26D204F-540D-4CB1-BFE0-4166F97792D8}.Release|Any CPU.Build.0 = Release|Any CPU
		{F26D204F-540D-4CB1-BFE0-4166F97792D8}.Release|x64.ActiveCfg = Release|Any CPU
		{F26D204F-540D-4CB1-BFE0-4166F97792D8}.Release|x64.Build.0 = Release|Any CPU
		{F26D204F-540D-4CB1-BFE0-4166F97792D8}.Release|x86.ActiveCfg = Release|Any CPU
		{F26D204F-540D-4CB1-BFE0-4166F97792D8}.Release|x86.Build.0 = Release|Any CPU
		{DD67D60F-A94E-44D2-B14B-40D7C698C659}.Debug|Any CPU.ActiveCfg = Debug|Any CPU
		{DD67D60F-A94E-44D2-B14B-40D7C698C659}.Debug|Any CPU.Build.0 = Debug|Any CPU
		{DD67D60F-A94E-44D2-B14B-40D7C698C659}.Debug|x64.ActiveCfg = Debug|Any CPU
		{DD67D60F-A94E-44D2-B14B-40D7C698C659}.Debug|x64.Build.0 = Debug|Any CPU
		{DD67D60F-A94E-44D2-B14B-40D7C698C659}.Debug|x86.ActiveCfg = Debug|Any CPU
		{DD67D60F-A94E-44D2-B14B-40D7C698C659}.Debug|x86.Build.0 = Debug|Any CPU
		{DD67D60F-A94E-44D2-B14B-40D7C698C659}.Release|Any CPU.ActiveCfg = Release|Any CPU
		{DD67D60F-A94E-44D2-B14B-40D7C698C659}.Release|Any CPU.Build.0 = Release|Any CPU
		{DD67D60F-A94E-44D2-B14B-40D7C698C659}.Release|x64.ActiveCfg = Release|Any CPU
		{DD67D60F-A94E-44D2-B14B-40D7C698C659}.Release|x64.Build.0 = Release|Any CPU
		{DD67D60F-A94E-44D2-B14B-40D7C698C659}.Release|x86.ActiveCfg = Release|Any CPU
		{DD67D60F-A94E-44D2-B14B-40D7C698C659}.Release|x86.Build.0 = Release|Any CPU
		{4E269CC5-FE2D-4190-9999-61CA188CEAD0}.Debug|Any CPU.ActiveCfg = Debug|Any CPU
		{4E269CC5-FE2D-4190-9999-61CA188CEAD0}.Debug|Any CPU.Build.0 = Debug|Any CPU
		{4E269CC5-FE2D-4190-9999-61CA188CEAD0}.Debug|x64.ActiveCfg = Debug|Any CPU
		{4E269CC5-FE2D-4190-9999-61CA188CEAD0}.Debug|x64.Build.0 = Debug|Any CPU
		{4E269CC5-FE2D-4190-9999-61CA188CEAD0}.Debug|x86.ActiveCfg = Debug|Any CPU
		{4E269CC5-FE2D-4190-9999-61CA188CEAD0}.Debug|x86.Build.0 = Debug|Any CPU
		{4E269CC5-FE2D-4190-9999-61CA188CEAD0}.Release|Any CPU.ActiveCfg = Release|Any CPU
		{4E269CC5-FE2D-4190-9999-61CA188CEAD0}.Release|Any CPU.Build.0 = Release|Any CPU
		{4E269CC5-FE2D-4190-9999-61CA188CEAD0}.Release|x64.ActiveCfg = Release|Any CPU
		{4E269CC5-FE2D-4190-9999-61CA188CEAD0}.Release|x64.Build.0 = Release|Any CPU
		{4E269CC5-FE2D-4190-9999-61CA188CEAD0}.Release|x86.ActiveCfg = Release|Any CPU
		{4E269CC5-FE2D-4190-9999-61CA188CEAD0}.Release|x86.Build.0 = Release|Any CPU
		{F2AC440A-41F6-4FA4-B829-642165D2DD7E}.Debug|Any CPU.ActiveCfg = Debug|Any CPU
		{F2AC440A-41F6-4FA4-B829-642165D2DD7E}.Debug|Any CPU.Build.0 = Debug|Any CPU
		{F2AC440A-41F6-4FA4-B829-642165D2DD7E}.Debug|x64.ActiveCfg = Debug|Any CPU
		{F2AC440A-41F6-4FA4-B829-642165D2DD7E}.Debug|x64.Build.0 = Debug|Any CPU
		{F2AC440A-41F6-4FA4-B829-642165D2DD7E}.Debug|x86.ActiveCfg = Debug|Any CPU
		{F2AC440A-41F6-4FA4-B829-642165D2DD7E}.Debug|x86.Build.0 = Debug|Any CPU
		{F2AC440A-41F6-4FA4-B829-642165D2DD7E}.Release|Any CPU.ActiveCfg = Release|Any CPU
		{F2AC440A-41F6-4FA4-B829-642165D2DD7E}.Release|Any CPU.Build.0 = Release|Any CPU
		{F2AC440A-41F6-4FA4-B829-642165D2DD7E}.Release|x64.ActiveCfg = Release|Any CPU
		{F2AC440A-41F6-4FA4-B829-642165D2DD7E}.Release|x64.Build.0 = Release|Any CPU
		{F2AC440A-41F6-4FA4-B829-642165D2DD7E}.Release|x86.ActiveCfg = Release|Any CPU
		{F2AC440A-41F6-4FA4-B829-642165D2DD7E}.Release|x86.Build.0 = Release|Any CPU
		{9958E8BA-17F7-4424-AB43-E3B6E5603825}.Debug|Any CPU.ActiveCfg = Debug|Any CPU
		{9958E8BA-17F7-4424-AB43-E3B6E5603825}.Debug|Any CPU.Build.0 = Debug|Any CPU
		{9958E8BA-17F7-4424-AB43-E3B6E5603825}.Debug|x64.ActiveCfg = Debug|Any CPU
		{9958E8BA-17F7-4424-AB43-E3B6E5603825}.Debug|x64.Build.0 = Debug|Any CPU
		{9958E8BA-17F7-4424-AB43-E3B6E5603825}.Debug|x86.ActiveCfg = Debug|Any CPU
		{9958E8BA-17F7-4424-AB43-E3B6E5603825}.Debug|x86.Build.0 = Debug|Any CPU
		{9958E8BA-17F7-4424-AB43-E3B6E5603825}.Release|Any CPU.ActiveCfg = Release|Any CPU
		{9958E8BA-17F7-4424-AB43-E3B6E5603825}.Release|Any CPU.Build.0 = Release|Any CPU
		{9958E8BA-17F7-4424-AB43-E3B6E5603825}.Release|x64.ActiveCfg = Release|Any CPU
		{9958E8BA-17F7-4424-AB43-E3B6E5603825}.Release|x64.Build.0 = Release|Any CPU
		{9958E8BA-17F7-4424-AB43-E3B6E5603825}.Release|x86.ActiveCfg = Release|Any CPU
		{9958E8BA-17F7-4424-AB43-E3B6E5603825}.Release|x86.Build.0 = Release|Any CPU
		{F32104D9-7389-4002-8C4F-2AA1882EBC81}.Debug|Any CPU.ActiveCfg = Debug|Any CPU
		{F32104D9-7389-4002-8C4F-2AA1882EBC81}.Debug|Any CPU.Build.0 = Debug|Any CPU
		{F32104D9-7389-4002-8C4F-2AA1882EBC81}.Debug|x64.ActiveCfg = Debug|Any CPU
		{F32104D9-7389-4002-8C4F-2AA1882EBC81}.Debug|x64.Build.0 = Debug|Any CPU
		{F32104D9-7389-4002-8C4F-2AA1882EBC81}.Debug|x86.ActiveCfg = Debug|Any CPU
		{F32104D9-7389-4002-8C4F-2AA1882EBC81}.Debug|x86.Build.0 = Debug|Any CPU
		{F32104D9-7389-4002-8C4F-2AA1882EBC81}.Release|Any CPU.ActiveCfg = Release|Any CPU
		{F32104D9-7389-4002-8C4F-2AA1882EBC81}.Release|Any CPU.Build.0 = Release|Any CPU
		{F32104D9-7389-4002-8C4F-2AA1882EBC81}.Release|x64.ActiveCfg = Release|Any CPU
		{F32104D9-7389-4002-8C4F-2AA1882EBC81}.Release|x64.Build.0 = Release|Any CPU
		{F32104D9-7389-4002-8C4F-2AA1882EBC81}.Release|x86.ActiveCfg = Release|Any CPU
		{F32104D9-7389-4002-8C4F-2AA1882EBC81}.Release|x86.Build.0 = Release|Any CPU
		{AD28AC2B-090F-4E69-93AF-8C5B2142DBF0}.Debug|Any CPU.ActiveCfg = Debug|Any CPU
		{AD28AC2B-090F-4E69-93AF-8C5B2142DBF0}.Debug|Any CPU.Build.0 = Debug|Any CPU
		{AD28AC2B-090F-4E69-93AF-8C5B2142DBF0}.Debug|x64.ActiveCfg = Debug|Any CPU
		{AD28AC2B-090F-4E69-93AF-8C5B2142DBF0}.Debug|x64.Build.0 = Debug|Any CPU
		{AD28AC2B-090F-4E69-93AF-8C5B2142DBF0}.Debug|x86.ActiveCfg = Debug|Any CPU
		{AD28AC2B-090F-4E69-93AF-8C5B2142DBF0}.Debug|x86.Build.0 = Debug|Any CPU
		{AD28AC2B-090F-4E69-93AF-8C5B2142DBF0}.Release|Any CPU.ActiveCfg = Release|Any CPU
		{AD28AC2B-090F-4E69-93AF-8C5B2142DBF0}.Release|Any CPU.Build.0 = Release|Any CPU
		{AD28AC2B-090F-4E69-93AF-8C5B2142DBF0}.Release|x64.ActiveCfg = Release|Any CPU
		{AD28AC2B-090F-4E69-93AF-8C5B2142DBF0}.Release|x64.Build.0 = Release|Any CPU
		{AD28AC2B-090F-4E69-93AF-8C5B2142DBF0}.Release|x86.ActiveCfg = Release|Any CPU
		{AD28AC2B-090F-4E69-93AF-8C5B2142DBF0}.Release|x86.Build.0 = Release|Any CPU
		{9415DEC3-B159-459A-8CDD-A656C04ABB0E}.Debug|Any CPU.ActiveCfg = Debug|Any CPU
		{9415DEC3-B159-459A-8CDD-A656C04ABB0E}.Debug|Any CPU.Build.0 = Debug|Any CPU
		{9415DEC3-B159-459A-8CDD-A656C04ABB0E}.Debug|x64.ActiveCfg = Debug|Any CPU
		{9415DEC3-B159-459A-8CDD-A656C04ABB0E}.Debug|x64.Build.0 = Debug|Any CPU
		{9415DEC3-B159-459A-8CDD-A656C04ABB0E}.Debug|x86.ActiveCfg = Debug|Any CPU
		{9415DEC3-B159-459A-8CDD-A656C04ABB0E}.Debug|x86.Build.0 = Debug|Any CPU
		{9415DEC3-B159-459A-8CDD-A656C04ABB0E}.Release|Any CPU.ActiveCfg = Release|Any CPU
		{9415DEC3-B159-459A-8CDD-A656C04ABB0E}.Release|Any CPU.Build.0 = Release|Any CPU
		{9415DEC3-B159-459A-8CDD-A656C04ABB0E}.Release|x64.ActiveCfg = Release|Any CPU
		{9415DEC3-B159-459A-8CDD-A656C04ABB0E}.Release|x64.Build.0 = Release|Any CPU
		{9415DEC3-B159-459A-8CDD-A656C04ABB0E}.Release|x86.ActiveCfg = Release|Any CPU
		{9415DEC3-B159-459A-8CDD-A656C04ABB0E}.Release|x86.Build.0 = Release|Any CPU
		{143B1BA6-1E46-4144-A006-1511CD5D2D9A}.Debug|Any CPU.ActiveCfg = Debug|Any CPU
		{143B1BA6-1E46-4144-A006-1511CD5D2D9A}.Debug|Any CPU.Build.0 = Debug|Any CPU
		{143B1BA6-1E46-4144-A006-1511CD5D2D9A}.Debug|x64.ActiveCfg = Debug|Any CPU
		{143B1BA6-1E46-4144-A006-1511CD5D2D9A}.Debug|x64.Build.0 = Debug|Any CPU
		{143B1BA6-1E46-4144-A006-1511CD5D2D9A}.Debug|x86.ActiveCfg = Debug|Any CPU
		{143B1BA6-1E46-4144-A006-1511CD5D2D9A}.Debug|x86.Build.0 = Debug|Any CPU
		{143B1BA6-1E46-4144-A006-1511CD5D2D9A}.Release|Any CPU.ActiveCfg = Release|Any CPU
		{143B1BA6-1E46-4144-A006-1511CD5D2D9A}.Release|Any CPU.Build.0 = Release|Any CPU
		{143B1BA6-1E46-4144-A006-1511CD5D2D9A}.Release|x64.ActiveCfg = Release|Any CPU
		{143B1BA6-1E46-4144-A006-1511CD5D2D9A}.Release|x64.Build.0 = Release|Any CPU
		{143B1BA6-1E46-4144-A006-1511CD5D2D9A}.Release|x86.ActiveCfg = Release|Any CPU
		{143B1BA6-1E46-4144-A006-1511CD5D2D9A}.Release|x86.Build.0 = Release|Any CPU
		{36D307B4-9919-4A2C-B465-8D4777E9890F}.Debug|Any CPU.ActiveCfg = Debug|Any CPU
		{36D307B4-9919-4A2C-B465-8D4777E9890F}.Debug|Any CPU.Build.0 = Debug|Any CPU
		{36D307B4-9919-4A2C-B465-8D4777E9890F}.Debug|x64.ActiveCfg = Debug|Any CPU
		{36D307B4-9919-4A2C-B465-8D4777E9890F}.Debug|x64.Build.0 = Debug|Any CPU
		{36D307B4-9919-4A2C-B465-8D4777E9890F}.Debug|x86.ActiveCfg = Debug|Any CPU
		{36D307B4-9919-4A2C-B465-8D4777E9890F}.Debug|x86.Build.0 = Debug|Any CPU
		{36D307B4-9919-4A2C-B465-8D4777E9890F}.Release|Any CPU.ActiveCfg = Release|Any CPU
		{36D307B4-9919-4A2C-B465-8D4777E9890F}.Release|Any CPU.Build.0 = Release|Any CPU
		{36D307B4-9919-4A2C-B465-8D4777E9890F}.Release|x64.ActiveCfg = Release|Any CPU
		{36D307B4-9919-4A2C-B465-8D4777E9890F}.Release|x64.Build.0 = Release|Any CPU
		{36D307B4-9919-4A2C-B465-8D4777E9890F}.Release|x86.ActiveCfg = Release|Any CPU
		{36D307B4-9919-4A2C-B465-8D4777E9890F}.Release|x86.Build.0 = Release|Any CPU
	EndGlobalSection
	GlobalSection(SolutionProperties) = preSolution
		HideSolutionNode = FALSE
	EndGlobalSection
	GlobalSection(NestedProjects) = preSolution
		{AEA49E4F-23A5-45B6-A8DC-6E66E15F4741} = {F678A9E2-E26E-47DB-A1F4-4D23E84108BC}
		{F26D204F-540D-4CB1-BFE0-4166F97792D8} = {F678A9E2-E26E-47DB-A1F4-4D23E84108BC}
		{DD67D60F-A94E-44D2-B14B-40D7C698C659} = {F678A9E2-E26E-47DB-A1F4-4D23E84108BC}
		{4E269CC5-FE2D-4190-9999-61CA188CEAD0} = {F678A9E2-E26E-47DB-A1F4-4D23E84108BC}
		{F2AC440A-41F6-4FA4-B829-642165D2DD7E} = {F678A9E2-E26E-47DB-A1F4-4D23E84108BC}
		{9958E8BA-17F7-4424-AB43-E3B6E5603825} = {F678A9E2-E26E-47DB-A1F4-4D23E84108BC}
		{F32104D9-7389-4002-8C4F-2AA1882EBC81} = {F678A9E2-E26E-47DB-A1F4-4D23E84108BC}
		{AD28AC2B-090F-4E69-93AF-8C5B2142DBF0} = {F678A9E2-E26E-47DB-A1F4-4D23E84108BC}
		{9415DEC3-B159-459A-8CDD-A656C04ABB0E} = {F678A9E2-E26E-47DB-A1F4-4D23E84108BC}
		{143B1BA6-1E46-4144-A006-1511CD5D2D9A} = {F678A9E2-E26E-47DB-A1F4-4D23E84108BC}
		{36D307B4-9919-4A2C-B465-8D4777E9890F} = {F678A9E2-E26E-47DB-A1F4-4D23E84108BC}
	EndGlobalSection
	GlobalSection(ExtensibilityGlobals) = postSolution
		SolutionGuid = {A931EA4E-458D-4409-B880-919A28656545}
	EndGlobalSection
EndGlobal
